
Microsoft Visual Studio Solution File, Format Version 12.00
# Visual Studio Version 17
VisualStudioVersion = 17.11.35327.3
MinimumVisualStudioVersion = 10.0.40219.1
Project("{FAE04EC0-301F-11D3-BF4B-00C04F79EFBC}") = "ProjectManager", "ProjectManager\ProjectManager.csproj", "{4D6D8820-A038-4FFD-B2D4-96283A8D7041}"
EndProject
Global
	GlobalSection(SolutionConfigurationPlatforms) = preSolution
		Debug|Any CPU = Debug|Any CPU
		Release|Any CPU = Release|Any CPU
	EndGlobalSection
	GlobalSection(ProjectConfigurationPlatforms) = postSolution
		{4D6D8820-A038-4FFD-B2D4-96283A8D7041}.Debug|Any CPU.ActiveCfg = Debug|Any CPU
		{4D6D8820-A038-4FFD-B2D4-96283A8D7041}.Debug|Any CPU.Build.0 = Debug|Any CPU
		{4D6D8820-A038-4FFD-B2D4-96283A8D7041}.Release|Any CPU.ActiveCfg = Release|Any CPU
		{4D6D8820-A038-4FFD-B2D4-96283A8D7041}.Release|Any CPU.Build.0 = Release|Any CPU
	EndGlobalSection
	GlobalSection(SolutionProperties) = preSolution
		HideSolutionNode = FALSE
	EndGlobalSection
	GlobalSection(ExtensibilityGlobals) = postSolution
		SolutionGuid = {B4DF09EB-4DE8-4DF5-8AFF-A28213CF2B90}
	EndGlobalSection
EndGlobal
